<?xml version="1.0" encoding="utf-8"?>
<Project ToolsVersion="4.0" xmlns="http://schemas.microsoft.com/developer/msbuild/2003">
  <ItemGroup>
    <Filter Include="Quellcodedateien">
      <UniqueIdentifier>{5afa66a4-2751-4aef-b5d7-9a856f4fd3b1}</UniqueIdentifier>
      <Extensions>cpp;c;cxx;rc;def;r;odl;idl;hpj;bat</Extensions>
    </Filter>
    <Filter Include="Header-Dateien">
      <UniqueIdentifier>{eb256b64-a34c-473f-b56c-6ce72d697fdd}</UniqueIdentifier>
      <Extensions>h;hpp;hxx;hm;inl</Extensions>
    </Filter>
    <Filter Include="Ressourcendateien">
      <UniqueIdentifier>{167b351c-25b6-4a59-afef-2b1cecf84076}</UniqueIdentifier>
      <Extensions>ico;cur;bmp;dlg;rc2;rct;bin;rgs;gif;jpg;jpeg;jpe</Extensions>
    </Filter>
  </ItemGroup>
  <ItemGroup>
    <ClCompile Include="Sources\decomp_LU.c">
      <Filter>Quellcodedateien</Filter>
    </ClCompile>
    <ClCompile Include="Sources\erf.c">
      <Filter>Quellcodedateien</Filter>
    </ClCompile>
    <ClCompile Include="Sources\errmsg.c">
      <Filter>Quellcodedateien</Filter>
    </ClCompile>
    <ClCompile Include="Sources\weightsEstimation.c">
      <Filter>Quellcodedateien</Filter>
    </ClCompile>
    <ClCompile Include="Sources\fitting.c">
      <Filter>Quellcodedateien</Filter>
    </ClCompile>
    <ClCompile Include="Sources\functions.c">
      <Filter>Quellcodedateien</Filter>
    </ClCompile>
    <ClCompile Include="Sources\functionsNIST.c">
      <Filter>Quellcodedateien</Filter>
    </ClCompile>
    <ClCompile Include="Sources\get_option.c">
      <Filter>Quellcodedateien</Filter>
    </ClCompile>
    <ClCompile Include="Sources\heap_sort.c">
      <Filter>Quellcodedateien</Filter>
    </ClCompile>
    <ClCompile Include="Sources\initCollection.c">
      <Filter>Quellcodedateien</Filter>
    </ClCompile>
    <ClCompile Include="Sources\initGauss2.c">
      <Filter>Quellcodedateien</Filter>
    </ClCompile>
    <ClCompile Include="Sources\initNIST.c">
      <Filter>Quellcodedateien</Filter>
    </ClCompile>
    <ClCompile Include="Sources\lsLinear.c">
      <Filter>Quellcodedateien</Filter>
    </ClCompile>
    <ClCompile Include="Sources\lsStraightline.c">
      <Filter>Quellcodedateien</Filter>
    </ClCompile>
    <ClCompile Include="Sources\matrixUtils.c">
      <Filter>Quellcodedateien</Filter>
    </ClCompile>
    <ClCompile Include="Sources\outlierDetection.c">
      <Filter>Quellcodedateien</Filter>
    </ClCompile>
    <ClCompile Include="Sources\singvaldec.c">
      <Filter>Quellcodedateien</Filter>
    </ClCompile>
    <ClCompile Include="Sources\solveLinear.c">
      <Filter>Quellcodedateien</Filter>
    </ClCompile>
    <ClCompile Include="Sources\svdInversion.c">
      <Filter>Quellcodedateien</Filter>
    </ClCompile>
    <ClCompile Include="Sources\usage.c">
      <Filter>Quellcodedateien</Filter>
    </ClCompile>
    <ClCompile Include="Sources\tinyexpr.c">
      <Filter>Quellcodedateien</Filter>
    </ClCompile>
    <ClCompile Include="Sources\calcChisqNonLin.c">
      <Filter>Quellcodedateien</Filter>
    </ClCompile>
    <ClCompile Include="Sources\lombScargle.c">
      <Filter>Quellcodedateien</Filter>
    </ClCompile>
    <ClCompile Include="Sources\checkParameterUncertainties.c">
      <Filter>Quellcodedateien</Filter>
    </ClCompile>
    <ClCompile Include="Sources\conditionScaling.c">
      <Filter>Quellcodedateien</Filter>
    </ClCompile>
    <ClCompile Include="Sources\specialPreparations.c">
      <Filter>Quellcodedateien</Filter>
    </ClCompile>
    <ClCompile Include="Sources\computerInfo.c">
      <Filter>Quellcodedateien</Filter>
    </ClCompile>
    <ClCompile Include="Sources\lsNonlinear.c">
      <Filter>Quellcodedateien</Filter>
    </ClCompile>
    <ClCompile Include="Sources\getJacobian.c">
      <Filter>Quellcodedateien</Filter>
    </ClCompile>
    <ClCompile Include="Sources\computeNomalMatrixPlusVector.c">
      <Filter>Quellcodedateien</Filter>
    </ClCompile>
    <ClCompile Include="Sources\matrixInversion.c">
      <Filter>Quellcodedateien</Filter>
    </ClCompile>
  </ItemGroup>
  <ItemGroup>
    <ClInclude Include="Sources\defines.h">
      <Filter>Header-Dateien</Filter>
    </ClInclude>
    <ClInclude Include="Sources\erf.h">
      <Filter>Header-Dateien</Filter>
    </ClInclude>
    <ClInclude Include="Sources\errmsg.h">
      <Filter>Header-Dateien</Filter>
    </ClInclude>
    <ClInclude Include="Sources\functions.h">
      <Filter>Header-Dateien</Filter>
    </ClInclude>
    <ClInclude Include="Sources\functionsNIST.h">
      <Filter>Header-Dateien</Filter>
    </ClInclude>
    <ClInclude Include="Sources\get_option.h">
      <Filter>Header-Dateien</Filter>
    </ClInclude>
    <ClInclude Include="Sources\macros.h">
      <Filter>Header-Dateien</Filter>
    </ClInclude>
    <ClInclude Include="Sources\matrixUtils.h">
      <Filter>Header-Dateien</Filter>
    </ClInclude>
    <ClInclude Include="Sources\prototypes.h">
      <Filter>Header-Dateien</Filter>
    </ClInclude>
    <ClInclude Include="Sources\tinyexpr.h">
      <Filter>Header-Dateien</Filter>
    </ClInclude>
    <ClInclude Include="Sources\cpuInfo.h">
      <Filter>Header-Dateien</Filter>
    </ClInclude>
    <ClInclude Include="Sources\ls.h">
      <Filter>Header-Dateien</Filter>
    </ClInclude>
  </ItemGroup>
</Project>